// !$*UTF8*$!
{
	archiveVersion = 1;
	classes = {
	};
	objectVersion = 51;
	objects = {

/* Begin PBXBuildFile section */
		2D39966322C4EFD7007F38E8 /* AlwaysShowPopup.swift in Sources */ = {isa = PBXBuildFile; fileRef = 2D39966122C4EFD7007F38E8 /* AlwaysShowPopup.swift */; };
		2D39966422C4EFD7007F38E8 /* ArrayChoiceTableViewController.swift in Sources */ = {isa = PBXBuildFile; fileRef = 2D39966222C4EFD7007F38E8 /* ArrayChoiceTableViewController.swift */; };
		2D39966722C4FAE8007F38E8 /* MagnifyView.swift in Sources */ = {isa = PBXBuildFile; fileRef = 2D39966622C4FAE8007F38E8 /* MagnifyView.swift */; };
		2D3AA64C22BBAEC400B94193 /* AnnotationView.swift in Sources */ = {isa = PBXBuildFile; fileRef = 2D3AA64B22BBAEC400B94193 /* AnnotationView.swift */; };
		2D3AA64E22BBD8AD00B94193 /* Annotation.swift in Sources */ = {isa = PBXBuildFile; fileRef = 2D3AA64D22BBD8AD00B94193 /* Annotation.swift */; };
		2D45B44A22DB3EDB000039DB /* PlaygroundViewController.swift in Sources */ = {isa = PBXBuildFile; fileRef = 2D45B44922DB3EDB000039DB /* PlaygroundViewController.swift */; };
		2D48868F22DB9720000251D2 /* backArrow.png in Resources */ = {isa = PBXBuildFile; fileRef = 2D48868E22DB9720000251D2 /* backArrow.png */; };
		2D48869122DB9732000251D2 /* backArrow@2x.png in Resources */ = {isa = PBXBuildFile; fileRef = 2D48869022DB9732000251D2 /* backArrow@2x.png */; };
		2D48869322DB9738000251D2 /* backArrow@3x.png in Resources */ = {isa = PBXBuildFile; fileRef = 2D48869222DB9738000251D2 /* backArrow@3x.png */; };
		2D579DB422D63A1B00483C68 /* UIButtonExtension.swift in Sources */ = {isa = PBXBuildFile; fileRef = 2D579DB322D63A1B00483C68 /* UIButtonExtension.swift */; };
		2D579DBE22D6422900483C68 /* upArrow.png in Resources */ = {isa = PBXBuildFile; fileRef = 2D579DBD22D6422900483C68 /* upArrow.png */; };
		2E2E7889F3B19B91D4EB2436 /* Pods_BSH.framework in Frameworks */ = {isa = PBXBuildFile; fileRef = 415BDFBDC3D8056DA4056687 /* Pods_BSH.framework */; };
		3C22772222BA909C00EB677B /* Playground.storyboard in Resources */ = {isa = PBXBuildFile; fileRef = 3C22771F22BA909B00EB677B /* Playground.storyboard */; };
		3C22772322BA909C00EB677B /* Profile.storyboard in Resources */ = {isa = PBXBuildFile; fileRef = 3C22772022BA909B00EB677B /* Profile.storyboard */; };
		3C22772422BA909C00EB677B /* Leaderboard.storyboard in Resources */ = {isa = PBXBuildFile; fileRef = 3C22772122BA909B00EB677B /* Leaderboard.storyboard */; };
		3C22772622BA918C00EB677B /* MainTabBarController.swift in Sources */ = {isa = PBXBuildFile; fileRef = 3C22772522BA918C00EB677B /* MainTabBarController.swift */; };
		3C22F26A22BF8DA400305FA0 /* LoginController.swift in Sources */ = {isa = PBXBuildFile; fileRef = 3C22F26922BF8DA400305FA0 /* LoginController.swift */; };
		3C65814F22AD3BA50073E78A /* BshCustomButton.swift in Sources */ = {isa = PBXBuildFile; fileRef = 3C65814E22AD3BA50073E78A /* BshCustomButton.swift */; };
		3C70673422CA25C000850CF4 /* delete@2x.png in Resources */ = {isa = PBXBuildFile; fileRef = 3C70673122CA25BF00850CF4 /* delete@2x.png */; };
		3C70673522CA25C000850CF4 /* delete.png in Resources */ = {isa = PBXBuildFile; fileRef = 3C70673222CA25BF00850CF4 /* delete.png */; };
		3C70673622CA25C000850CF4 /* delete@3x.png in Resources */ = {isa = PBXBuildFile; fileRef = 3C70673322CA25BF00850CF4 /* delete@3x.png */; };
		3C709CC42282236400823586 /* AppDelegate.swift in Sources */ = {isa = PBXBuildFile; fileRef = 3C709CC32282236400823586 /* AppDelegate.swift */; };
		3C709CC92282236400823586 /* Main.storyboard in Resources */ = {isa = PBXBuildFile; fileRef = 3C709CC72282236400823586 /* Main.storyboard */; };
		3C709CCB2282236700823586 /* Assets.xcassets in Resources */ = {isa = PBXBuildFile; fileRef = 3C709CCA2282236700823586 /* Assets.xcassets */; };
		3C709CCE2282236700823586 /* LaunchScreen.storyboard in Resources */ = {isa = PBXBuildFile; fileRef = 3C709CCC2282236700823586 /* LaunchScreen.storyboard */; };
		3C71BFBF22CA60E600B0BDE4 /* upload@2x.png in Resources */ = {isa = PBXBuildFile; fileRef = 3C71BFBC22CA60E500B0BDE4 /* upload@2x.png */; };
		3C71BFC022CA60E600B0BDE4 /* upload.png in Resources */ = {isa = PBXBuildFile; fileRef = 3C71BFBD22CA60E500B0BDE4 /* upload.png */; };
		3C71BFC122CA60E600B0BDE4 /* upload@3x.png in Resources */ = {isa = PBXBuildFile; fileRef = 3C71BFBE22CA60E600B0BDE4 /* upload@3x.png */; };
		3CF77F2A22C259D1000A9C8C /* profile@2x.png in Resources */ = {isa = PBXBuildFile; fileRef = 3CF77F1822C259CA000A9C8C /* profile@2x.png */; };
		3CF77F2B22C259D1000A9C8C /* hand.draw.png in Resources */ = {isa = PBXBuildFile; fileRef = 3CF77F1922C259CA000A9C8C /* hand.draw.png */; };
		3CF77F2C22C259D1000A9C8C /* leaderboard.png in Resources */ = {isa = PBXBuildFile; fileRef = 3CF77F1A22C259CB000A9C8C /* leaderboard.png */; };
		3CF77F2D22C259D1000A9C8C /* hand.draw@2x.png in Resources */ = {isa = PBXBuildFile; fileRef = 3CF77F1B22C259CB000A9C8C /* hand.draw@2x.png */; };
		3CF77F2E22C259D1000A9C8C /* camera@3x.png in Resources */ = {isa = PBXBuildFile; fileRef = 3CF77F1C22C259CC000A9C8C /* camera@3x.png */; };
		3CF77F2F22C259D1000A9C8C /* profile@3x.png in Resources */ = {isa = PBXBuildFile; fileRef = 3CF77F1D22C259CC000A9C8C /* profile@3x.png */; };
		3CF77F3022C259D1000A9C8C /* stack@3x.png in Resources */ = {isa = PBXBuildFile; fileRef = 3CF77F1E22C259CC000A9C8C /* stack@3x.png */; };
		3CF77F3122C259D1000A9C8C /* leaderboard@3x.png in Resources */ = {isa = PBXBuildFile; fileRef = 3CF77F1F22C259CD000A9C8C /* leaderboard@3x.png */; };
		3CF77F3222C259D1000A9C8C /* stack.png in Resources */ = {isa = PBXBuildFile; fileRef = 3CF77F2022C259CD000A9C8C /* stack.png */; };
		3CF77F3322C259D1000A9C8C /* camera.png in Resources */ = {isa = PBXBuildFile; fileRef = 3CF77F2122C259CE000A9C8C /* camera.png */; };
		3CF77F3422C259D1000A9C8C /* profile.png in Resources */ = {isa = PBXBuildFile; fileRef = 3CF77F2222C259CE000A9C8C /* profile.png */; };
		3CF77F3522C259D1000A9C8C /* leaderboard@2x.png in Resources */ = {isa = PBXBuildFile; fileRef = 3CF77F2322C259CE000A9C8C /* leaderboard@2x.png */; };
		3CF77F3622C259D1000A9C8C /* camera@2x.png in Resources */ = {isa = PBXBuildFile; fileRef = 3CF77F2422C259CF000A9C8C /* camera@2x.png */; };
		3CF77F3722C259D1000A9C8C /* stack@2x.png in Resources */ = {isa = PBXBuildFile; fileRef = 3CF77F2522C259CF000A9C8C /* stack@2x.png */; };
		3CF77F3922C259D1000A9C8C /* hand.draw@3x.png in Resources */ = {isa = PBXBuildFile; fileRef = 3CF77F2722C259D0000A9C8C /* hand.draw@3x.png */; };
		50AB753F22A4026C00BEB84B /* AnnotateImageViewController.swift in Sources */ = {isa = PBXBuildFile; fileRef = 50AB753E22A4026C00BEB84B /* AnnotateImageViewController.swift */; };
		50AB754622A40FEF00BEB84B /* Point.swift in Sources */ = {isa = PBXBuildFile; fileRef = 50AB754522A40FEF00BEB84B /* Point.swift */; };
		50BEC79222A69952000107DF /* CampaignTableViewController.swift in Sources */ = {isa = PBXBuildFile; fileRef = 50BEC79122A69952000107DF /* CampaignTableViewController.swift */; };
		50C5CA0722A0129500A72DB8 /* UploadImageViewController.swift in Sources */ = {isa = PBXBuildFile; fileRef = 50C5CA0622A0129500A72DB8 /* UploadImageViewController.swift */; };
		AB215FBB23F700F300C21045 /* GoogleService-Info.plist in Resources */ = {isa = PBXBuildFile; fileRef = AB215FBA23F700F300C21045 /* GoogleService-Info.plist */; };
		C52E36C7228EB6F0005EDB93 /* CUU.plist in Resources */ = {isa = PBXBuildFile; fileRef = C52E36C6228EB6F0005EDB93 /* CUU.plist */; };
		C58045F5229ED9B400AE4775 /* Campaign.storyboard in Resources */ = {isa = PBXBuildFile; fileRef = C58045F4229ED9B400AE4775 /* Campaign.storyboard */; };
		C5BB5BA322E4AD1800827EDF /* GifHelper.swift in Sources */ = {isa = PBXBuildFile; fileRef = C5BB5BA222E4AD1800827EDF /* GifHelper.swift */; };
		C5BF3A5722D3933D00B22A9C /* ProfileNewController.swift in Sources */ = {isa = PBXBuildFile; fileRef = C5BF3A5622D3933D00B22A9C /* ProfileNewController.swift */; };
		C5F1FA21229EC4A4000F3FAC /* CampaignInfoViewController.swift in Sources */ = {isa = PBXBuildFile; fileRef = C5F1FA20229EC4A4000F3FAC /* CampaignInfoViewController.swift */; };
		C5F1FA26229ED0DD000F3FAC /* LeaderboardViewController.swift in Sources */ = {isa = PBXBuildFile; fileRef = C5F1FA25229ED0DD000F3FAC /* LeaderboardViewController.swift */; };
/* End PBXBuildFile section */

/* Begin PBXFileReference section */
		2D39966122C4EFD7007F38E8 /* AlwaysShowPopup.swift */ = {isa = PBXFileReference; fileEncoding = 4; lastKnownFileType = sourcecode.swift; path = AlwaysShowPopup.swift; sourceTree = "<group>"; };
		2D39966222C4EFD7007F38E8 /* ArrayChoiceTableViewController.swift */ = {isa = PBXFileReference; fileEncoding = 4; lastKnownFileType = sourcecode.swift; path = ArrayChoiceTableViewController.swift; sourceTree = "<group>"; };
		2D39966622C4FAE8007F38E8 /* MagnifyView.swift */ = {isa = PBXFileReference; lastKnownFileType = sourcecode.swift; path = MagnifyView.swift; sourceTree = "<group>"; };
		2D3AA64B22BBAEC400B94193 /* AnnotationView.swift */ = {isa = PBXFileReference; fileEncoding = 4; lastKnownFileType = sourcecode.swift; path = AnnotationView.swift; sourceTree = "<group>"; };
		2D3AA64D22BBD8AD00B94193 /* Annotation.swift */ = {isa = PBXFileReference; lastKnownFileType = sourcecode.swift; path = Annotation.swift; sourceTree = "<group>"; };
		2D45B44922DB3EDB000039DB /* PlaygroundViewController.swift */ = {isa = PBXFileReference; lastKnownFileType = sourcecode.swift; path = PlaygroundViewController.swift; sourceTree = "<group>"; };
		2D48868E22DB9720000251D2 /* backArrow.png */ = {isa = PBXFileReference; lastKnownFileType = image.png; path = backArrow.png; sourceTree = "<group>"; };
		2D48869022DB9732000251D2 /* backArrow@2x.png */ = {isa = PBXFileReference; lastKnownFileType = image.png; path = "backArrow@2x.png"; sourceTree = "<group>"; };
		2D48869222DB9738000251D2 /* backArrow@3x.png */ = {isa = PBXFileReference; lastKnownFileType = image.png; path = "backArrow@3x.png"; sourceTree = "<group>"; };
		2D579DB322D63A1B00483C68 /* UIButtonExtension.swift */ = {isa = PBXFileReference; lastKnownFileType = sourcecode.swift; path = UIButtonExtension.swift; sourceTree = "<group>"; };
		2D579DBD22D6422900483C68 /* upArrow.png */ = {isa = PBXFileReference; lastKnownFileType = image.png; path = upArrow.png; sourceTree = "<group>"; };
		3C22771F22BA909B00EB677B /* Playground.storyboard */ = {isa = PBXFileReference; fileEncoding = 4; lastKnownFileType = file.storyboard; path = Playground.storyboard; sourceTree = "<group>"; };
		3C22772022BA909B00EB677B /* Profile.storyboard */ = {isa = PBXFileReference; fileEncoding = 4; lastKnownFileType = file.storyboard; path = Profile.storyboard; sourceTree = "<group>"; };
		3C22772122BA909B00EB677B /* Leaderboard.storyboard */ = {isa = PBXFileReference; fileEncoding = 4; lastKnownFileType = file.storyboard; path = Leaderboard.storyboard; sourceTree = "<group>"; };
		3C22772522BA918C00EB677B /* MainTabBarController.swift */ = {isa = PBXFileReference; lastKnownFileType = sourcecode.swift; path = MainTabBarController.swift; sourceTree = "<group>"; };
		3C22F26922BF8DA400305FA0 /* LoginController.swift */ = {isa = PBXFileReference; lastKnownFileType = sourcecode.swift; path = LoginController.swift; sourceTree = "<group>"; };
		3C65814E22AD3BA50073E78A /* BshCustomButton.swift */ = {isa = PBXFileReference; lastKnownFileType = sourcecode.swift; path = BshCustomButton.swift; sourceTree = "<group>"; };
		3C70673122CA25BF00850CF4 /* delete@2x.png */ = {isa = PBXFileReference; lastKnownFileType = image.png; path = "delete@2x.png"; sourceTree = "<group>"; };
		3C70673222CA25BF00850CF4 /* delete.png */ = {isa = PBXFileReference; lastKnownFileType = image.png; path = delete.png; sourceTree = "<group>"; };
		3C70673322CA25BF00850CF4 /* delete@3x.png */ = {isa = PBXFileReference; lastKnownFileType = image.png; path = "delete@3x.png"; sourceTree = "<group>"; };
		3C709CC02282236400823586 /* BSH.app */ = {isa = PBXFileReference; explicitFileType = wrapper.application; includeInIndex = 0; path = BSH.app; sourceTree = BUILT_PRODUCTS_DIR; };
		3C709CC32282236400823586 /* AppDelegate.swift */ = {isa = PBXFileReference; lastKnownFileType = sourcecode.swift; path = AppDelegate.swift; sourceTree = "<group>"; };
		3C709CC82282236400823586 /* Base */ = {isa = PBXFileReference; lastKnownFileType = file.storyboard; name = Base; path = Base.lproj/Main.storyboard; sourceTree = "<group>"; };
		3C709CCA2282236700823586 /* Assets.xcassets */ = {isa = PBXFileReference; lastKnownFileType = folder.assetcatalog; path = Assets.xcassets; sourceTree = "<group>"; };
		3C709CCD2282236700823586 /* Base */ = {isa = PBXFileReference; lastKnownFileType = file.storyboard; name = Base; path = Base.lproj/LaunchScreen.storyboard; sourceTree = "<group>"; };
		3C709CCF2282236700823586 /* Info.plist */ = {isa = PBXFileReference; lastKnownFileType = text.plist.xml; path = Info.plist; sourceTree = "<group>"; };
		3C71BFBC22CA60E500B0BDE4 /* upload@2x.png */ = {isa = PBXFileReference; lastKnownFileType = image.png; path = "upload@2x.png"; sourceTree = "<group>"; };
		3C71BFBD22CA60E500B0BDE4 /* upload.png */ = {isa = PBXFileReference; lastKnownFileType = image.png; path = upload.png; sourceTree = "<group>"; };
		3C71BFBE22CA60E600B0BDE4 /* upload@3x.png */ = {isa = PBXFileReference; lastKnownFileType = image.png; path = "upload@3x.png"; sourceTree = "<group>"; };
		3CF77F1822C259CA000A9C8C /* profile@2x.png */ = {isa = PBXFileReference; lastKnownFileType = image.png; path = "profile@2x.png"; sourceTree = "<group>"; };
		3CF77F1922C259CA000A9C8C /* hand.draw.png */ = {isa = PBXFileReference; lastKnownFileType = image.png; path = hand.draw.png; sourceTree = "<group>"; };
		3CF77F1A22C259CB000A9C8C /* leaderboard.png */ = {isa = PBXFileReference; lastKnownFileType = image.png; path = leaderboard.png; sourceTree = "<group>"; };
		3CF77F1B22C259CB000A9C8C /* hand.draw@2x.png */ = {isa = PBXFileReference; lastKnownFileType = image.png; path = "hand.draw@2x.png"; sourceTree = "<group>"; };
		3CF77F1C22C259CC000A9C8C /* camera@3x.png */ = {isa = PBXFileReference; lastKnownFileType = image.png; path = "camera@3x.png"; sourceTree = "<group>"; };
		3CF77F1D22C259CC000A9C8C /* profile@3x.png */ = {isa = PBXFileReference; lastKnownFileType = image.png; path = "profile@3x.png"; sourceTree = "<group>"; };
		3CF77F1E22C259CC000A9C8C /* stack@3x.png */ = {isa = PBXFileReference; lastKnownFileType = image.png; path = "stack@3x.png"; sourceTree = "<group>"; };
		3CF77F1F22C259CD000A9C8C /* leaderboard@3x.png */ = {isa = PBXFileReference; lastKnownFileType = image.png; path = "leaderboard@3x.png"; sourceTree = "<group>"; };
		3CF77F2022C259CD000A9C8C /* stack.png */ = {isa = PBXFileReference; lastKnownFileType = image.png; path = stack.png; sourceTree = "<group>"; };
		3CF77F2122C259CE000A9C8C /* camera.png */ = {isa = PBXFileReference; lastKnownFileType = image.png; path = camera.png; sourceTree = "<group>"; };
		3CF77F2222C259CE000A9C8C /* profile.png */ = {isa = PBXFileReference; lastKnownFileType = image.png; path = profile.png; sourceTree = "<group>"; };
		3CF77F2322C259CE000A9C8C /* leaderboard@2x.png */ = {isa = PBXFileReference; lastKnownFileType = image.png; path = "leaderboard@2x.png"; sourceTree = "<group>"; };
		3CF77F2422C259CF000A9C8C /* camera@2x.png */ = {isa = PBXFileReference; lastKnownFileType = image.png; path = "camera@2x.png"; sourceTree = "<group>"; };
		3CF77F2522C259CF000A9C8C /* stack@2x.png */ = {isa = PBXFileReference; lastKnownFileType = image.png; path = "stack@2x.png"; sourceTree = "<group>"; };
		3CF77F2722C259D0000A9C8C /* hand.draw@3x.png */ = {isa = PBXFileReference; lastKnownFileType = image.png; path = "hand.draw@3x.png"; sourceTree = "<group>"; };
		415BDFBDC3D8056DA4056687 /* Pods_BSH.framework */ = {isa = PBXFileReference; explicitFileType = wrapper.framework; includeInIndex = 0; path = Pods_BSH.framework; sourceTree = BUILT_PRODUCTS_DIR; };
		50AB753E22A4026C00BEB84B /* AnnotateImageViewController.swift */ = {isa = PBXFileReference; lastKnownFileType = sourcecode.swift; path = AnnotateImageViewController.swift; sourceTree = "<group>"; };
		50AB754522A40FEF00BEB84B /* Point.swift */ = {isa = PBXFileReference; lastKnownFileType = sourcecode.swift; path = Point.swift; sourceTree = "<group>"; };
		50BEC79122A69952000107DF /* CampaignTableViewController.swift */ = {isa = PBXFileReference; lastKnownFileType = sourcecode.swift; path = CampaignTableViewController.swift; sourceTree = "<group>"; };
		50C5CA0622A0129500A72DB8 /* UploadImageViewController.swift */ = {isa = PBXFileReference; lastKnownFileType = sourcecode.swift; path = UploadImageViewController.swift; sourceTree = "<group>"; };
		AB215FBA23F700F300C21045 /* GoogleService-Info.plist */ = {isa = PBXFileReference; fileEncoding = 4; lastKnownFileType = text.plist.xml; path = "GoogleService-Info.plist"; sourceTree = "<group>"; };
		B0527FCBA03923D0444BE452 /* Pods-BSH.release.xcconfig */ = {isa = PBXFileReference; includeInIndex = 1; lastKnownFileType = text.xcconfig; name = "Pods-BSH.release.xcconfig"; path = "Target Support Files/Pods-BSH/Pods-BSH.release.xcconfig"; sourceTree = "<group>"; };
		BA684E17AD61E905706390F9 /* Pods-BSH.debug.xcconfig */ = {isa = PBXFileReference; includeInIndex = 1; lastKnownFileType = text.xcconfig; name = "Pods-BSH.debug.xcconfig"; path = "Target Support Files/Pods-BSH/Pods-BSH.debug.xcconfig"; sourceTree = "<group>"; };
		C52E36C6228EB6F0005EDB93 /* CUU.plist */ = {isa = PBXFileReference; lastKnownFileType = text.plist.xml; path = CUU.plist; sourceTree = "<group>"; };
		C58045F4229ED9B400AE4775 /* Campaign.storyboard */ = {isa = PBXFileReference; lastKnownFileType = file.storyboard; path = Campaign.storyboard; sourceTree = "<group>"; };
		C5BB5BA222E4AD1800827EDF /* GifHelper.swift */ = {isa = PBXFileReference; lastKnownFileType = sourcecode.swift; path = GifHelper.swift; sourceTree = "<group>"; };
		C5BF3A5622D3933D00B22A9C /* ProfileNewController.swift */ = {isa = PBXFileReference; lastKnownFileType = sourcecode.swift; path = ProfileNewController.swift; sourceTree = "<group>"; };
		C5F1FA20229EC4A4000F3FAC /* CampaignInfoViewController.swift */ = {isa = PBXFileReference; lastKnownFileType = sourcecode.swift; path = CampaignInfoViewController.swift; sourceTree = "<group>"; };
		C5F1FA25229ED0DD000F3FAC /* LeaderboardViewController.swift */ = {isa = PBXFileReference; lastKnownFileType = sourcecode.swift; path = LeaderboardViewController.swift; sourceTree = "<group>"; };
/* End PBXFileReference section */

/* Begin PBXFrameworksBuildPhase section */
		3C709CBD2282236400823586 /* Frameworks */ = {
			isa = PBXFrameworksBuildPhase;
			buildActionMask = 2147483647;
			files = (
				2E2E7889F3B19B91D4EB2436 /* Pods_BSH.framework in Frameworks */,
			);
			runOnlyForDeploymentPostprocessing = 0;
		};
/* End PBXFrameworksBuildPhase section */

/* Begin PBXGroup section */
		2D39966522C4EFEE007F38E8 /* OpenSourceHelpers */ = {
			isa = PBXGroup;
			children = (
				2D39966122C4EFD7007F38E8 /* AlwaysShowPopup.swift */,
				2D39966222C4EFD7007F38E8 /* ArrayChoiceTableViewController.swift */,
			);
			path = OpenSourceHelpers;
			sourceTree = "<group>";
		};
		2D82D0A222BBAE5A0015F443 /* Views */ = {
			isa = PBXGroup;
			children = (
				2D3AA64B22BBAEC400B94193 /* AnnotationView.swift */,
				2D39966622C4FAE8007F38E8 /* MagnifyView.swift */,
				2D579DB322D63A1B00483C68 /* UIButtonExtension.swift */,
			);
			path = Views;
			sourceTree = "<group>";
		};
		38C2879A7A55164FEEE98432 /* Frameworks */ = {
			isa = PBXGroup;
			children = (
				415BDFBDC3D8056DA4056687 /* Pods_BSH.framework */,
			);
			name = Frameworks;
			sourceTree = "<group>";
		};
		3C709CB72282236300823586 = {
			isa = PBXGroup;
			children = (
				3C709CC22282236400823586 /* BSH */,
				3C709CC12282236400823586 /* Products */,
				BFFE3266262B11BEC18E162C /* Pods */,
				38C2879A7A55164FEEE98432 /* Frameworks */,
			);
			sourceTree = "<group>";
		};
		3C709CC12282236400823586 /* Products */ = {
			isa = PBXGroup;
			children = (
				3C709CC02282236400823586 /* BSH.app */,
			);
			name = Products;
			sourceTree = "<group>";
		};
		3C709CC22282236400823586 /* BSH */ = {
			isa = PBXGroup;
			children = (
				2D82D0A222BBAE5A0015F443 /* Views */,
				50AB754022A40EE300BEB84B /* Models */,
				50CE499F229FD9EE000E15E8 /* Assets */,
				C5F1FA24229ED0A6000F3FAC /* Storyboards */,
				C5F1FA22229ED082000F3FAC /* Controllers */,
				3C709CCA2282236700823586 /* Assets.xcassets */,
				C52E36C6228EB6F0005EDB93 /* CUU.plist */,
				AB215FBA23F700F300C21045 /* GoogleService-Info.plist */,
				3C709CCF2282236700823586 /* Info.plist */,
			);
			path = BSH;
			sourceTree = "<group>";
		};
		50AB754022A40EE300BEB84B /* Models */ = {
			isa = PBXGroup;
			children = (
				2D3AA64D22BBD8AD00B94193 /* Annotation.swift */,
				50AB754522A40FEF00BEB84B /* Point.swift */,
			);
			path = Models;
			sourceTree = "<group>";
		};
		50CE499F229FD9EE000E15E8 /* Assets */ = {
			isa = PBXGroup;
			children = (
				2D579DBD22D6422900483C68 /* upArrow.png */,
				3C71BFBD22CA60E500B0BDE4 /* upload.png */,
				3C71BFBC22CA60E500B0BDE4 /* upload@2x.png */,
				3C71BFBE22CA60E600B0BDE4 /* upload@3x.png */,
				3C70673222CA25BF00850CF4 /* delete.png */,
				3C70673122CA25BF00850CF4 /* delete@2x.png */,
				3C70673322CA25BF00850CF4 /* delete@3x.png */,
				3CF77F2122C259CE000A9C8C /* camera.png */,
				3CF77F2422C259CF000A9C8C /* camera@2x.png */,
				3CF77F1C22C259CC000A9C8C /* camera@3x.png */,
				3CF77F1922C259CA000A9C8C /* hand.draw.png */,
				3CF77F1B22C259CB000A9C8C /* hand.draw@2x.png */,
				3CF77F2722C259D0000A9C8C /* hand.draw@3x.png */,
				3CF77F1A22C259CB000A9C8C /* leaderboard.png */,
				3CF77F2322C259CE000A9C8C /* leaderboard@2x.png */,
				3CF77F1F22C259CD000A9C8C /* leaderboard@3x.png */,
				2D48868E22DB9720000251D2 /* backArrow.png */,
				2D48869022DB9732000251D2 /* backArrow@2x.png */,
				2D48869222DB9738000251D2 /* backArrow@3x.png */,
				3CF77F2222C259CE000A9C8C /* profile.png */,
				3CF77F1822C259CA000A9C8C /* profile@2x.png */,
				3CF77F1D22C259CC000A9C8C /* profile@3x.png */,
				3CF77F2022C259CD000A9C8C /* stack.png */,
				3CF77F2522C259CF000A9C8C /* stack@2x.png */,
				3CF77F1E22C259CC000A9C8C /* stack@3x.png */,
			);
			path = Assets;
			sourceTree = "<group>";
		};
		BFFE3266262B11BEC18E162C /* Pods */ = {
			isa = PBXGroup;
			children = (
				BA684E17AD61E905706390F9 /* Pods-BSH.debug.xcconfig */,
				B0527FCBA03923D0444BE452 /* Pods-BSH.release.xcconfig */,
			);
			path = Pods;
			sourceTree = "<group>";
		};
		C5F1FA22229ED082000F3FAC /* Controllers */ = {
			isa = PBXGroup;
			children = (
				2D39966522C4EFEE007F38E8 /* OpenSourceHelpers */,
				3C709CC32282236400823586 /* AppDelegate.swift */,
				3C22F26922BF8DA400305FA0 /* LoginController.swift */,
				50BEC79122A69952000107DF /* CampaignTableViewController.swift */,
				C5BB5BA222E4AD1800827EDF /* GifHelper.swift */,
				3C22772522BA918C00EB677B /* MainTabBarController.swift */,
				C5F1FA20229EC4A4000F3FAC /* CampaignInfoViewController.swift */,
				C5F1FA25229ED0DD000F3FAC /* LeaderboardViewController.swift */,
				50C5CA0622A0129500A72DB8 /* UploadImageViewController.swift */,
				50AB753E22A4026C00BEB84B /* AnnotateImageViewController.swift */,
				C5BF3A5622D3933D00B22A9C /* ProfileNewController.swift */,
				2D45B44922DB3EDB000039DB /* PlaygroundViewController.swift */,
			);
			path = Controllers;
			sourceTree = "<group>";
		};
		C5F1FA24229ED0A6000F3FAC /* Storyboards */ = {
			isa = PBXGroup;
			children = (
				3C22772122BA909B00EB677B /* Leaderboard.storyboard */,
				3C22771F22BA909B00EB677B /* Playground.storyboard */,
				3C22772022BA909B00EB677B /* Profile.storyboard */,
				3C709CCC2282236700823586 /* LaunchScreen.storyboard */,
				3C709CC72282236400823586 /* Main.storyboard */,
				C58045F4229ED9B400AE4775 /* Campaign.storyboard */,
				3C65814E22AD3BA50073E78A /* BshCustomButton.swift */,
			);
			path = Storyboards;
			sourceTree = "<group>";
		};
/* End PBXGroup section */

/* Begin PBXNativeTarget section */
		3C709CBF2282236400823586 /* BSH */ = {
			isa = PBXNativeTarget;
			buildConfigurationList = 3C709CD22282236700823586 /* Build configuration list for PBXNativeTarget "BSH" */;
			buildPhases = (
				D93B184EF46980124A1A0348 /* [CP] Check Pods Manifest.lock */,
				3C709CBC2282236400823586 /* Sources */,
				3C709CBD2282236400823586 /* Frameworks */,
				3C709CBE2282236400823586 /* Resources */,
				F5712BAA2B4EDD779ABDD122 /* [CP] Embed Pods Frameworks */,
				3CBEDB6122E0694E004185F1 /* ShellScript */,
			);
			buildRules = (
			);
			dependencies = (
			);
			name = BSH;
			productName = BSH;
			productReference = 3C709CC02282236400823586 /* BSH.app */;
			productType = "com.apple.product-type.application";
		};
/* End PBXNativeTarget section */

/* Begin PBXProject section */
		3C709CB82282236400823586 /* Project object */ = {
			isa = PBXProject;
			attributes = {
				LastSwiftUpdateCheck = 1020;
				LastUpgradeCheck = 1020;
				ORGANIZATIONNAME = "Tum LS1";
				TargetAttributes = {
					3C709CBF2282236400823586 = {
						CreatedOnToolsVersion = 10.2.1;
					};
				};
			};
			buildConfigurationList = 3C709CBB2282236400823586 /* Build configuration list for PBXProject "BSH" */;
			compatibilityVersion = "Xcode 9.3";
			developmentRegion = en;
			hasScannedForEncodings = 0;
			knownRegions = (
				en,
				Base,
			);
			mainGroup = 3C709CB72282236300823586;
			productRefGroup = 3C709CC12282236400823586 /* Products */;
			projectDirPath = "";
			projectRoot = "";
			targets = (
				3C709CBF2282236400823586 /* BSH */,
			);
		};
/* End PBXProject section */

/* Begin PBXResourcesBuildPhase section */
		3C709CBE2282236400823586 /* Resources */ = {
			isa = PBXResourcesBuildPhase;
			buildActionMask = 2147483647;
			files = (
				2D48869122DB9732000251D2 /* backArrow@2x.png in Resources */,
				3CF77F3022C259D1000A9C8C /* stack@3x.png in Resources */,
				3CF77F2B22C259D1000A9C8C /* hand.draw.png in Resources */,
				3CF77F2D22C259D1000A9C8C /* hand.draw@2x.png in Resources */,
				3CF77F3422C259D1000A9C8C /* profile.png in Resources */,
				3CF77F3722C259D1000A9C8C /* stack@2x.png in Resources */,
				3CF77F2E22C259D1000A9C8C /* camera@3x.png in Resources */,
				2D579DBE22D6422900483C68 /* upArrow.png in Resources */,
				3CF77F3922C259D1000A9C8C /* hand.draw@3x.png in Resources */,
				3C71BFC122CA60E600B0BDE4 /* upload@3x.png in Resources */,
				3CF77F3122C259D1000A9C8C /* leaderboard@3x.png in Resources */,
				3CF77F3522C259D1000A9C8C /* leaderboard@2x.png in Resources */,
				3C70673622CA25C000850CF4 /* delete@3x.png in Resources */,
				3C71BFBF22CA60E600B0BDE4 /* upload@2x.png in Resources */,
				3C22772422BA909C00EB677B /* Leaderboard.storyboard in Resources */,
				C52E36C7228EB6F0005EDB93 /* CUU.plist in Resources */,
				3C22772222BA909C00EB677B /* Playground.storyboard in Resources */,
				2D48869322DB9738000251D2 /* backArrow@3x.png in Resources */,
				C58045F5229ED9B400AE4775 /* Campaign.storyboard in Resources */,
				3CF77F3622C259D1000A9C8C /* camera@2x.png in Resources */,
				3C70673522CA25C000850CF4 /* delete.png in Resources */,
				3CF77F2A22C259D1000A9C8C /* profile@2x.png in Resources */,
				3CF77F3222C259D1000A9C8C /* stack.png in Resources */,
				3C709CCE2282236700823586 /* LaunchScreen.storyboard in Resources */,
				3C71BFC022CA60E600B0BDE4 /* upload.png in Resources */,
				3CF77F2F22C259D1000A9C8C /* profile@3x.png in Resources */,
				3C709CCB2282236700823586 /* Assets.xcassets in Resources */,
				3C70673422CA25C000850CF4 /* delete@2x.png in Resources */,
				3C22772322BA909C00EB677B /* Profile.storyboard in Resources */,
				AB215FBB23F700F300C21045 /* GoogleService-Info.plist in Resources */,
				2D48868F22DB9720000251D2 /* backArrow.png in Resources */,
				3CF77F3322C259D1000A9C8C /* camera.png in Resources */,
				3C709CC92282236400823586 /* Main.storyboard in Resources */,
				3CF77F2C22C259D1000A9C8C /* leaderboard.png in Resources */,
			);
			runOnlyForDeploymentPostprocessing = 0;
		};
/* End PBXResourcesBuildPhase section */

/* Begin PBXShellScriptBuildPhase section */
		3CBEDB6122E0694E004185F1 /* ShellScript */ = {
			isa = PBXShellScriptBuildPhase;
			buildActionMask = 2147483647;
			files = (
			);
			inputFileListPaths = (
			);
			inputPaths = (
			);
			outputFileListPaths = (
			);
			outputPaths = (
			);
			runOnlyForDeploymentPostprocessing = 0;
			shellPath = /bin/sh;
			shellScript = "\"${PODS_ROOT}/Fabric/run\"\n";
		};
		D93B184EF46980124A1A0348 /* [CP] Check Pods Manifest.lock */ = {
			isa = PBXShellScriptBuildPhase;
			buildActionMask = 2147483647;
			files = (
			);
			inputFileListPaths = (
			);
			inputPaths = (
				"${PODS_PODFILE_DIR_PATH}/Podfile.lock",
				"${PODS_ROOT}/Manifest.lock",
			);
			name = "[CP] Check Pods Manifest.lock";
			outputFileListPaths = (
			);
			outputPaths = (
				"$(DERIVED_FILE_DIR)/Pods-BSH-checkManifestLockResult.txt",
			);
			runOnlyForDeploymentPostprocessing = 0;
			shellPath = /bin/sh;
			shellScript = "diff \"${PODS_PODFILE_DIR_PATH}/Podfile.lock\" \"${PODS_ROOT}/Manifest.lock\" > /dev/null\nif [ $? != 0 ] ; then\n    # print error to STDERR\n    echo \"error: The sandbox is not in sync with the Podfile.lock. Run 'pod install' or update your CocoaPods installation.\" >&2\n    exit 1\nfi\n# This output is used by Xcode 'outputs' to avoid re-running this script phase.\necho \"SUCCESS\" > \"${SCRIPT_OUTPUT_FILE_0}\"\n";
			showEnvVarsInLog = 0;
		};
		F5712BAA2B4EDD779ABDD122 /* [CP] Embed Pods Frameworks */ = {
			isa = PBXShellScriptBuildPhase;
			buildActionMask = 2147483647;
			files = (
			);
			inputFileListPaths = (
			);
			name = "[CP] Embed Pods Frameworks";
			outputFileListPaths = (
			);
			runOnlyForDeploymentPostprocessing = 0;
			shellPath = /bin/sh;
			shellScript = "\"${PODS_ROOT}/Target Support Files/Pods-BSH/Pods-BSH-frameworks.sh\"\n";
			showEnvVarsInLog = 0;
		};
/* End PBXShellScriptBuildPhase section */

/* Begin PBXSourcesBuildPhase section */
		3C709CBC2282236400823586 /* Sources */ = {
			isa = PBXSourcesBuildPhase;
			buildActionMask = 2147483647;
			files = (
				C5BB5BA322E4AD1800827EDF /* GifHelper.swift in Sources */,
				50AB753F22A4026C00BEB84B /* AnnotateImageViewController.swift in Sources */,
				2D39966422C4EFD7007F38E8 /* ArrayChoiceTableViewController.swift in Sources */,
				3C65814F22AD3BA50073E78A /* BshCustomButton.swift in Sources */,
				50C5CA0722A0129500A72DB8 /* UploadImageViewController.swift in Sources */,
				3C22772622BA918C00EB677B /* MainTabBarController.swift in Sources */,
				2D45B44A22DB3EDB000039DB /* PlaygroundViewController.swift in Sources */,
				C5F1FA21229EC4A4000F3FAC /* CampaignInfoViewController.swift in Sources */,
				C5BF3A5722D3933D00B22A9C /* ProfileNewController.swift in Sources */,
				2D579DB422D63A1B00483C68 /* UIButtonExtension.swift in Sources */,
				2D39966322C4EFD7007F38E8 /* AlwaysShowPopup.swift in Sources */,
				50BEC79222A69952000107DF /* CampaignTableViewController.swift in Sources */,
				2D3AA64C22BBAEC400B94193 /* AnnotationView.swift in Sources */,
				C5F1FA26229ED0DD000F3FAC /* LeaderboardViewController.swift in Sources */,
				50AB754622A40FEF00BEB84B /* Point.swift in Sources */,
				2D39966722C4FAE8007F38E8 /* MagnifyView.swift in Sources */,
				3C22F26A22BF8DA400305FA0 /* LoginController.swift in Sources */,
				3C709CC42282236400823586 /* AppDelegate.swift in Sources */,
				2D3AA64E22BBD8AD00B94193 /* Annotation.swift in Sources */,
			);
			runOnlyForDeploymentPostprocessing = 0;
		};
/* End PBXSourcesBuildPhase section */

/* Begin PBXVariantGroup section */
		3C709CC72282236400823586 /* Main.storyboard */ = {
			isa = PBXVariantGroup;
			children = (
				3C709CC82282236400823586 /* Base */,
			);
			name = Main.storyboard;
			sourceTree = "<group>";
		};
		3C709CCC2282236700823586 /* LaunchScreen.storyboard */ = {
			isa = PBXVariantGroup;
			children = (
				3C709CCD2282236700823586 /* Base */,
			);
			name = LaunchScreen.storyboard;
			sourceTree = "<group>";
		};
/* End PBXVariantGroup section */

/* Begin XCBuildConfiguration section */
		3C709CD02282236700823586 /* Debug */ = {
			isa = XCBuildConfiguration;
			buildSettings = {
				ALWAYS_SEARCH_USER_PATHS = NO;
				CLANG_ANALYZER_NONNULL = YES;
				CLANG_ANALYZER_NUMBER_OBJECT_CONVERSION = YES_AGGRESSIVE;
				CLANG_CXX_LANGUAGE_STANDARD = "gnu++14";
				CLANG_CXX_LIBRARY = "libc++";
				CLANG_ENABLE_MODULES = YES;
				CLANG_ENABLE_OBJC_ARC = YES;
				CLANG_ENABLE_OBJC_WEAK = YES;
				CLANG_WARN_BLOCK_CAPTURE_AUTORELEASING = YES;
				CLANG_WARN_BOOL_CONVERSION = YES;
				CLANG_WARN_COMMA = YES;
				CLANG_WARN_CONSTANT_CONVERSION = YES;
				CLANG_WARN_DEPRECATED_OBJC_IMPLEMENTATIONS = YES;
				CLANG_WARN_DIRECT_OBJC_ISA_USAGE = YES_ERROR;
				CLANG_WARN_DOCUMENTATION_COMMENTS = YES;
				CLANG_WARN_EMPTY_BODY = YES;
				CLANG_WARN_ENUM_CONVERSION = YES;
				CLANG_WARN_INFINITE_RECURSION = YES;
				CLANG_WARN_INT_CONVERSION = YES;
				CLANG_WARN_NON_LITERAL_NULL_CONVERSION = YES;
				CLANG_WARN_OBJC_IMPLICIT_RETAIN_SELF = YES;
				CLANG_WARN_OBJC_LITERAL_CONVERSION = YES;
				CLANG_WARN_OBJC_ROOT_CLASS = YES_ERROR;
				CLANG_WARN_RANGE_LOOP_ANALYSIS = YES;
				CLANG_WARN_STRICT_PROTOTYPES = YES;
				CLANG_WARN_SUSPICIOUS_MOVE = YES;
				CLANG_WARN_UNGUARDED_AVAILABILITY = YES_AGGRESSIVE;
				CLANG_WARN_UNREACHABLE_CODE = YES;
				CLANG_WARN__DUPLICATE_METHOD_MATCH = YES;
				CODE_SIGN_IDENTITY = "iPhone Developer";
				COPY_PHASE_STRIP = NO;
				CURRENT_PROJECT_VERSION = 1;
				DEBUG_INFORMATION_FORMAT = dwarf;
				ENABLE_STRICT_OBJC_MSGSEND = YES;
				ENABLE_TESTABILITY = YES;
				GCC_C_LANGUAGE_STANDARD = gnu11;
				GCC_DYNAMIC_NO_PIC = NO;
				GCC_NO_COMMON_BLOCKS = YES;
				GCC_OPTIMIZATION_LEVEL = 0;
				GCC_PREPROCESSOR_DEFINITIONS = (
					"DEBUG=1",
					"$(inherited)",
				);
				GCC_WARN_64_TO_32_BIT_CONVERSION = YES;
				GCC_WARN_ABOUT_RETURN_TYPE = YES_ERROR;
				GCC_WARN_UNDECLARED_SELECTOR = YES;
				GCC_WARN_UNINITIALIZED_AUTOS = YES_AGGRESSIVE;
				GCC_WARN_UNUSED_FUNCTION = YES;
				GCC_WARN_UNUSED_VARIABLE = YES;
				IPHONEOS_DEPLOYMENT_TARGET = 11.0;
				MTL_ENABLE_DEBUG_INFO = INCLUDE_SOURCE;
				MTL_FAST_MATH = YES;
				ONLY_ACTIVE_ARCH = YES;
				SDKROOT = iphoneos;
				SWIFT_ACTIVE_COMPILATION_CONDITIONS = DEBUG;
				SWIFT_OPTIMIZATION_LEVEL = "-Onone";
				VERSIONING_SYSTEM = "apple-generic";
			};
			name = Debug;
		};
		3C709CD12282236700823586 /* Release */ = {
			isa = XCBuildConfiguration;
			buildSettings = {
				ALWAYS_SEARCH_USER_PATHS = NO;
				CLANG_ANALYZER_NONNULL = YES;
				CLANG_ANALYZER_NUMBER_OBJECT_CONVERSION = YES_AGGRESSIVE;
				CLANG_CXX_LANGUAGE_STANDARD = "gnu++14";
				CLANG_CXX_LIBRARY = "libc++";
				CLANG_ENABLE_MODULES = YES;
				CLANG_ENABLE_OBJC_ARC = YES;
				CLANG_ENABLE_OBJC_WEAK = YES;
				CLANG_WARN_BLOCK_CAPTURE_AUTORELEASING = YES;
				CLANG_WARN_BOOL_CONVERSION = YES;
				CLANG_WARN_COMMA = YES;
				CLANG_WARN_CONSTANT_CONVERSION = YES;
				CLANG_WARN_DEPRECATED_OBJC_IMPLEMENTATIONS = YES;
				CLANG_WARN_DIRECT_OBJC_ISA_USAGE = YES_ERROR;
				CLANG_WARN_DOCUMENTATION_COMMENTS = YES;
				CLANG_WARN_EMPTY_BODY = YES;
				CLANG_WARN_ENUM_CONVERSION = YES;
				CLANG_WARN_INFINITE_RECURSION = YES;
				CLANG_WARN_INT_CONVERSION = YES;
				CLANG_WARN_NON_LITERAL_NULL_CONVERSION = YES;
				CLANG_WARN_OBJC_IMPLICIT_RETAIN_SELF = YES;
				CLANG_WARN_OBJC_LITERAL_CONVERSION = YES;
				CLANG_WARN_OBJC_ROOT_CLASS = YES_ERROR;
				CLANG_WARN_RANGE_LOOP_ANALYSIS = YES;
				CLANG_WARN_STRICT_PROTOTYPES = YES;
				CLANG_WARN_SUSPICIOUS_MOVE = YES;
				CLANG_WARN_UNGUARDED_AVAILABILITY = YES_AGGRESSIVE;
				CLANG_WARN_UNREACHABLE_CODE = YES;
				CLANG_WARN__DUPLICATE_METHOD_MATCH = YES;
				CODE_SIGN_IDENTITY = "iPhone Developer";
				COPY_PHASE_STRIP = NO;
				CURRENT_PROJECT_VERSION = 1;
				DEBUG_INFORMATION_FORMAT = "dwarf-with-dsym";
				ENABLE_NS_ASSERTIONS = NO;
				ENABLE_STRICT_OBJC_MSGSEND = YES;
				GCC_C_LANGUAGE_STANDARD = gnu11;
				GCC_NO_COMMON_BLOCKS = YES;
				GCC_WARN_64_TO_32_BIT_CONVERSION = YES;
				GCC_WARN_ABOUT_RETURN_TYPE = YES_ERROR;
				GCC_WARN_UNDECLARED_SELECTOR = YES;
				GCC_WARN_UNINITIALIZED_AUTOS = YES_AGGRESSIVE;
				GCC_WARN_UNUSED_FUNCTION = YES;
				GCC_WARN_UNUSED_VARIABLE = YES;
				IPHONEOS_DEPLOYMENT_TARGET = 11.0;
				MTL_ENABLE_DEBUG_INFO = NO;
				MTL_FAST_MATH = YES;
				SDKROOT = iphoneos;
				SWIFT_COMPILATION_MODE = wholemodule;
				SWIFT_OPTIMIZATION_LEVEL = "-O";
				VALIDATE_PRODUCT = YES;
				VERSIONING_SYSTEM = "apple-generic";
			};
			name = Release;
		};
		3C709CD32282236700823586 /* Debug */ = {
			isa = XCBuildConfiguration;
			baseConfigurationReference = BA684E17AD61E905706390F9 /* Pods-BSH.debug.xcconfig */;
			buildSettings = {
				ASSETCATALOG_COMPILER_APPICON_NAME = AppIcon;
				CODE_SIGN_IDENTITY = "iPhone Distribution";
				CODE_SIGN_STYLE = Manual;
				CURRENT_PROJECT_VERSION = 1;
				DEVELOPMENT_TEAM = Q6URURR2E7;
				INFOPLIST_FILE = BSH/Info.plist;
				LD_RUNPATH_SEARCH_PATHS = (
					"$(inherited)",
					"@executable_path/Frameworks",
				);
				PRODUCT_BUNDLE_IDENTIFIER = com.bshg.dev.DataTrain;
				PRODUCT_NAME = "$(TARGET_NAME)";
				PROVISIONING_PROFILE_SPECIFIER = "BSH DEV DataTrain Prov Profile";
				SWIFT_VERSION = 5.0;
				TARGETED_DEVICE_FAMILY = "1,2";
				VERSIONING_SYSTEM = "apple-generic";
			};
			name = Debug;
		};
		3C709CD42282236700823586 /* Release */ = {
			isa = XCBuildConfiguration;
			baseConfigurationReference = B0527FCBA03923D0444BE452 /* Pods-BSH.release.xcconfig */;
			buildSettings = {
				ASSETCATALOG_COMPILER_APPICON_NAME = AppIcon;
				CODE_SIGN_IDENTITY = "iPhone Distribution";
				CODE_SIGN_STYLE = Manual;
				CURRENT_PROJECT_VERSION = 1;
				DEVELOPMENT_TEAM = Q6URURR2E7;
				INFOPLIST_FILE = BSH/Info.plist;
				LD_RUNPATH_SEARCH_PATHS = (
					"$(inherited)",
					"@executable_path/Frameworks",
				);
				PRODUCT_BUNDLE_IDENTIFIER = com.bshg.dev.DataTrain;
				PRODUCT_NAME = "$(TARGET_NAME)";
				PROVISIONING_PROFILE_SPECIFIER = "BSH DEV DataTrain Prov Profile";
				SWIFT_VERSION = 5.0;
				TARGETED_DEVICE_FAMILY = "1,2";
				VERSIONING_SYSTEM = "apple-generic";
			};
			name = Release;
		};
/* End XCBuildConfiguration section */

/* Begin XCConfigurationList section */
		3C709CBB2282236400823586 /* Build configuration list for PBXProject "BSH" */ = {
			isa = XCConfigurationList;
			buildConfigurations = (
				3C709CD02282236700823586 /* Debug */,
				3C709CD12282236700823586 /* Release */,
			);
			defaultConfigurationIsVisible = 0;
			defaultConfigurationName = Release;
		};
		3C709CD22282236700823586 /* Build configuration list for PBXNativeTarget "BSH" */ = {
			isa = XCConfigurationList;
			buildConfigurations = (
				3C709CD32282236700823586 /* Debug */,
				3C709CD42282236700823586 /* Release */,
			);
			defaultConfigurationIsVisible = 0;
			defaultConfigurationName = Release;
		};
/* End XCConfigurationList section */
	};
	rootObject = 3C709CB82282236400823586 /* Project object */;
}
