// !$*UTF8*$!
{
	archiveVersion = 1;
	classes = {
	};
	objectVersion = 50;
	objects = {

/* Begin PBXBuildFile section */
		2E2E7889F3B19B91D4EB2436 /* Pods_BSH.framework in Frameworks */ = {isa = PBXBuildFile; fileRef = 415BDFBDC3D8056DA4056687 /* Pods_BSH.framework */; };
		3C709CC42282236400823586 /* AppDelegate.swift in Sources */ = {isa = PBXBuildFile; fileRef = 3C709CC32282236400823586 /* AppDelegate.swift */; };
		3C709CC62282236400823586 /* ViewController.swift in Sources */ = {isa = PBXBuildFile; fileRef = 3C709CC52282236400823586 /* ViewController.swift */; };
		3C709CC92282236400823586 /* Main.storyboard in Resources */ = {isa = PBXBuildFile; fileRef = 3C709CC72282236400823586 /* Main.storyboard */; };
		3C709CCB2282236700823586 /* Assets.xcassets in Resources */ = {isa = PBXBuildFile; fileRef = 3C709CCA2282236700823586 /* Assets.xcassets */; };
		3C709CCE2282236700823586 /* LaunchScreen.storyboard in Resources */ = {isa = PBXBuildFile; fileRef = 3C709CCC2282236700823586 /* LaunchScreen.storyboard */; };
		508C6606229FF12100FABC76 /* bananas.jpg in Resources */ = {isa = PBXBuildFile; fileRef = 508C6605229FF12100FABC76 /* bananas.jpg */; };
		50AB753D22A4015800BEB84B /* rectangle.png in Resources */ = {isa = PBXBuildFile; fileRef = 50AB753C22A4015800BEB84B /* rectangle.png */; };
		50AB753F22A4026C00BEB84B /* AnnotateImageViewController.swift in Sources */ = {isa = PBXBuildFile; fileRef = 50AB753E22A4026C00BEB84B /* AnnotateImageViewController.swift */; };
		50AB754222A40EF000BEB84B /* Annotation.swift in Sources */ = {isa = PBXBuildFile; fileRef = 50AB754122A40EF000BEB84B /* Annotation.swift */; };
		50AB754422A40FC300BEB84B /* RectangularAnnotation.swift in Sources */ = {isa = PBXBuildFile; fileRef = 50AB754322A40FC300BEB84B /* RectangularAnnotation.swift */; };
		50AB754622A40FEF00BEB84B /* Point.swift in Sources */ = {isa = PBXBuildFile; fileRef = 50AB754522A40FEF00BEB84B /* Point.swift */; };
		50BEC79222A69952000107DF /* CampaignTableViewController.swift in Sources */ = {isa = PBXBuildFile; fileRef = 50BEC79122A69952000107DF /* CampaignTableViewController.swift */; };
		50C5CA0722A0129500A72DB8 /* UploadImageViewController.swift in Sources */ = {isa = PBXBuildFile; fileRef = 50C5CA0622A0129500A72DB8 /* UploadImageViewController.swift */; };
		C52E36C7228EB6F0005EDB93 /* CUU.plist in Resources */ = {isa = PBXBuildFile; fileRef = C52E36C6228EB6F0005EDB93 /* CUU.plist */; };
		C58045F3229ED5CB00AE4775 /* CaptureImageViewController.swift in Sources */ = {isa = PBXBuildFile; fileRef = C58045F2229ED5CB00AE4775 /* CaptureImageViewController.swift */; };
		C58045F5229ED9B400AE4775 /* Campaign.storyboard in Resources */ = {isa = PBXBuildFile; fileRef = C58045F4229ED9B400AE4775 /* Campaign.storyboard */; };
		C5F1FA21229EC4A4000F3FAC /* CampaignInfoViewController.swift in Sources */ = {isa = PBXBuildFile; fileRef = C5F1FA20229EC4A4000F3FAC /* CampaignInfoViewController.swift */; };
		C5F1FA26229ED0DD000F3FAC /* LeaderboardViewController.swift in Sources */ = {isa = PBXBuildFile; fileRef = C5F1FA25229ED0DD000F3FAC /* LeaderboardViewController.swift */; };
/* End PBXBuildFile section */

/* Begin PBXFileReference section */
		3C709CC02282236400823586 /* BSH.app */ = {isa = PBXFileReference; explicitFileType = wrapper.application; includeInIndex = 0; path = BSH.app; sourceTree = BUILT_PRODUCTS_DIR; };
		3C709CC32282236400823586 /* AppDelegate.swift */ = {isa = PBXFileReference; lastKnownFileType = sourcecode.swift; path = AppDelegate.swift; sourceTree = "<group>"; };
		3C709CC52282236400823586 /* ViewController.swift */ = {isa = PBXFileReference; lastKnownFileType = sourcecode.swift; path = ViewController.swift; sourceTree = "<group>"; };
		3C709CC82282236400823586 /* Base */ = {isa = PBXFileReference; lastKnownFileType = file.storyboard; name = Base; path = Base.lproj/Main.storyboard; sourceTree = "<group>"; };
		3C709CCA2282236700823586 /* Assets.xcassets */ = {isa = PBXFileReference; lastKnownFileType = folder.assetcatalog; path = Assets.xcassets; sourceTree = "<group>"; };
		3C709CCD2282236700823586 /* Base */ = {isa = PBXFileReference; lastKnownFileType = file.storyboard; name = Base; path = Base.lproj/LaunchScreen.storyboard; sourceTree = "<group>"; };
		3C709CCF2282236700823586 /* Info.plist */ = {isa = PBXFileReference; lastKnownFileType = text.plist.xml; path = Info.plist; sourceTree = "<group>"; };
		415BDFBDC3D8056DA4056687 /* Pods_BSH.framework */ = {isa = PBXFileReference; explicitFileType = wrapper.framework; includeInIndex = 0; path = Pods_BSH.framework; sourceTree = BUILT_PRODUCTS_DIR; };
		508C6605229FF12100FABC76 /* bananas.jpg */ = {isa = PBXFileReference; lastKnownFileType = image.jpeg; path = bananas.jpg; sourceTree = "<group>"; };
		50AB753C22A4015800BEB84B /* rectangle.png */ = {isa = PBXFileReference; lastKnownFileType = image.png; path = rectangle.png; sourceTree = "<group>"; };
		50AB753E22A4026C00BEB84B /* AnnotateImageViewController.swift */ = {isa = PBXFileReference; lastKnownFileType = sourcecode.swift; path = AnnotateImageViewController.swift; sourceTree = "<group>"; };
		50AB754122A40EF000BEB84B /* Annotation.swift */ = {isa = PBXFileReference; lastKnownFileType = sourcecode.swift; name = Annotation.swift; path = BSH/Controllers/Annotation.swift; sourceTree = SOURCE_ROOT; };
		50AB754322A40FC300BEB84B /* RectangularAnnotation.swift */ = {isa = PBXFileReference; lastKnownFileType = sourcecode.swift; path = RectangularAnnotation.swift; sourceTree = "<group>"; };
		50AB754522A40FEF00BEB84B /* Point.swift */ = {isa = PBXFileReference; lastKnownFileType = sourcecode.swift; path = Point.swift; sourceTree = "<group>"; };
		50BEC79122A69952000107DF /* CampaignTableViewController.swift */ = {isa = PBXFileReference; lastKnownFileType = sourcecode.swift; path = CampaignTableViewController.swift; sourceTree = "<group>"; };
		50C5CA0622A0129500A72DB8 /* UploadImageViewController.swift */ = {isa = PBXFileReference; lastKnownFileType = sourcecode.swift; path = UploadImageViewController.swift; sourceTree = "<group>"; };
		B0527FCBA03923D0444BE452 /* Pods-BSH.release.xcconfig */ = {isa = PBXFileReference; includeInIndex = 1; lastKnownFileType = text.xcconfig; name = "Pods-BSH.release.xcconfig"; path = "Target Support Files/Pods-BSH/Pods-BSH.release.xcconfig"; sourceTree = "<group>"; };
		BA684E17AD61E905706390F9 /* Pods-BSH.debug.xcconfig */ = {isa = PBXFileReference; includeInIndex = 1; lastKnownFileType = text.xcconfig; name = "Pods-BSH.debug.xcconfig"; path = "Target Support Files/Pods-BSH/Pods-BSH.debug.xcconfig"; sourceTree = "<group>"; };
		C52E36C6228EB6F0005EDB93 /* CUU.plist */ = {isa = PBXFileReference; lastKnownFileType = text.plist.xml; path = CUU.plist; sourceTree = "<group>"; };
		C58045F2229ED5CB00AE4775 /* CaptureImageViewController.swift */ = {isa = PBXFileReference; lastKnownFileType = sourcecode.swift; path = CaptureImageViewController.swift; sourceTree = "<group>"; };
		C58045F4229ED9B400AE4775 /* Campaign.storyboard */ = {isa = PBXFileReference; lastKnownFileType = file.storyboard; path = Campaign.storyboard; sourceTree = "<group>"; };
		C5F1FA20229EC4A4000F3FAC /* CampaignInfoViewController.swift */ = {isa = PBXFileReference; lastKnownFileType = sourcecode.swift; path = CampaignInfoViewController.swift; sourceTree = "<group>"; };
		C5F1FA25229ED0DD000F3FAC /* LeaderboardViewController.swift */ = {isa = PBXFileReference; lastKnownFileType = sourcecode.swift; path = LeaderboardViewController.swift; sourceTree = "<group>"; };
/* End PBXFileReference section */

/* Begin PBXFrameworksBuildPhase section */
		3C709CBD2282236400823586 /* Frameworks */ = {
			isa = PBXFrameworksBuildPhase;
			buildActionMask = 2147483647;
			files = (
				2E2E7889F3B19B91D4EB2436 /* Pods_BSH.framework in Frameworks */,
			);
			runOnlyForDeploymentPostprocessing = 0;
		};
/* End PBXFrameworksBuildPhase section */

/* Begin PBXGroup section */
		38C2879A7A55164FEEE98432 /* Frameworks */ = {
			isa = PBXGroup;
			children = (
				415BDFBDC3D8056DA4056687 /* Pods_BSH.framework */,
			);
			name = Frameworks;
			sourceTree = "<group>";
		};
		3C709CB72282236300823586 = {
			isa = PBXGroup;
			children = (
				3C709CC22282236400823586 /* BSH */,
				3C709CC12282236400823586 /* Products */,
				BFFE3266262B11BEC18E162C /* Pods */,
				38C2879A7A55164FEEE98432 /* Frameworks */,
			);
			sourceTree = "<group>";
		};
		3C709CC12282236400823586 /* Products */ = {
			isa = PBXGroup;
			children = (
				3C709CC02282236400823586 /* BSH.app */,
			);
			name = Products;
			sourceTree = "<group>";
		};
		3C709CC22282236400823586 /* BSH */ = {
			isa = PBXGroup;
			children = (
				50AB754022A40EE300BEB84B /* Models */,
				50CE499F229FD9EE000E15E8 /* Assets */,
				C5F1FA24229ED0A6000F3FAC /* Storyboards */,
				C5F1FA22229ED082000F3FAC /* Controllers */,
				3C709CCA2282236700823586 /* Assets.xcassets */,
				C52E36C6228EB6F0005EDB93 /* CUU.plist */,
				3C709CCF2282236700823586 /* Info.plist */,
			);
			path = BSH;
			sourceTree = "<group>";
		};
		50AB754022A40EE300BEB84B /* Models */ = {
			isa = PBXGroup;
			children = (
				50AB754122A40EF000BEB84B /* Annotation.swift */,
				50AB754322A40FC300BEB84B /* RectangularAnnotation.swift */,
				50AB754522A40FEF00BEB84B /* Point.swift */,
			);
			path = Models;
			sourceTree = "<group>";
		};
		50CE499F229FD9EE000E15E8 /* Assets */ = {
			isa = PBXGroup;
			children = (
				50AB753C22A4015800BEB84B /* rectangle.png */,
				508C6605229FF12100FABC76 /* bananas.jpg */,
			);
			path = Assets;
			sourceTree = "<group>";
		};
		BFFE3266262B11BEC18E162C /* Pods */ = {
			isa = PBXGroup;
			children = (
				BA684E17AD61E905706390F9 /* Pods-BSH.debug.xcconfig */,
				B0527FCBA03923D0444BE452 /* Pods-BSH.release.xcconfig */,
			);
			path = Pods;
			sourceTree = "<group>";
		};
		C5F1FA22229ED082000F3FAC /* Controllers */ = {
			isa = PBXGroup;
			children = (
				3C709CC52282236400823586 /* ViewController.swift */,
				3C709CC32282236400823586 /* AppDelegate.swift */,
				C5F1FA20229EC4A4000F3FAC /* CampaignInfoViewController.swift */,
				C5F1FA25229ED0DD000F3FAC /* LeaderboardViewController.swift */,
				C58045F2229ED5CB00AE4775 /* CaptureImageViewController.swift */,
				50C5CA0622A0129500A72DB8 /* UploadImageViewController.swift */,
				50AB753E22A4026C00BEB84B /* AnnotateImageViewController.swift */,
				50BEC79122A69952000107DF /* CampaignTableViewController.swift */,
			);
			path = Controllers;
			sourceTree = "<group>";
		};
		C5F1FA24229ED0A6000F3FAC /* Storyboards */ = {
			isa = PBXGroup;
			children = (
				3C709CCC2282236700823586 /* LaunchScreen.storyboard */,
				3C709CC72282236400823586 /* Main.storyboard */,
				C58045F4229ED9B400AE4775 /* Campaign.storyboard */,
			);
			path = Storyboards;
			sourceTree = "<group>";
		};
/* End PBXGroup section */

/* Begin PBXNativeTarget section */
		3C709CBF2282236400823586 /* BSH */ = {
			isa = PBXNativeTarget;
			buildConfigurationList = 3C709CD22282236700823586 /* Build configuration list for PBXNativeTarget "BSH" */;
			buildPhases = (
				D93B184EF46980124A1A0348 /* [CP] Check Pods Manifest.lock */,
				3C709CBC2282236400823586 /* Sources */,
				3C709CBD2282236400823586 /* Frameworks */,
				3C709CBE2282236400823586 /* Resources */,
				F5712BAA2B4EDD779ABDD122 /* [CP] Embed Pods Frameworks */,
			);
			buildRules = (
			);
			dependencies = (
			);
			name = BSH;
			productName = BSH;
			productReference = 3C709CC02282236400823586 /* BSH.app */;
			productType = "com.apple.product-type.application";
		};
/* End PBXNativeTarget section */

/* Begin PBXProject section */
		3C709CB82282236400823586 /* Project object */ = {
			isa = PBXProject;
			attributes = {
				LastSwiftUpdateCheck = 1020;
				LastUpgradeCheck = 1020;
				ORGANIZATIONNAME = "Tum LS1";
				TargetAttributes = {
					3C709CBF2282236400823586 = {
						CreatedOnToolsVersion = 10.2.1;
					};
				};
			};
			buildConfigurationList = 3C709CBB2282236400823586 /* Build configuration list for PBXProject "BSH" */;
			compatibilityVersion = "Xcode 9.3";
			developmentRegion = en;
			hasScannedForEncodings = 0;
			knownRegions = (
				en,
				Base,
			);
			mainGroup = 3C709CB72282236300823586;
			productRefGroup = 3C709CC12282236400823586 /* Products */;
			projectDirPath = "";
			projectRoot = "";
			targets = (
				3C709CBF2282236400823586 /* BSH */,
			);
		};
/* End PBXProject section */

/* Begin PBXResourcesBuildPhase section */
		3C709CBE2282236400823586 /* Resources */ = {
			isa = PBXResourcesBuildPhase;
			buildActionMask = 2147483647;
			files = (
				C52E36C7228EB6F0005EDB93 /* CUU.plist in Resources */,
				C58045F5229ED9B400AE4775 /* Campaign.storyboard in Resources */,
				508C6606229FF12100FABC76 /* bananas.jpg in Resources */,
				3C709CCE2282236700823586 /* LaunchScreen.storyboard in Resources */,
				3C709CCB2282236700823586 /* Assets.xcassets in Resources */,
				50AB753D22A4015800BEB84B /* rectangle.png in Resources */,
				3C709CC92282236400823586 /* Main.storyboard in Resources */,
			);
			runOnlyForDeploymentPostprocessing = 0;
		};
/* End PBXResourcesBuildPhase section */

/* Begin PBXShellScriptBuildPhase section */
		D93B184EF46980124A1A0348 /* [CP] Check Pods Manifest.lock */ = {
			isa = PBXShellScriptBuildPhase;
			buildActionMask = 2147483647;
			files = (
			);
			inputFileListPaths = (
			);
			inputPaths = (
				"${PODS_PODFILE_DIR_PATH}/Podfile.lock",
				"${PODS_ROOT}/Manifest.lock",
			);
			name = "[CP] Check Pods Manifest.lock";
			outputFileListPaths = (
			);
			outputPaths = (
				"$(DERIVED_FILE_DIR)/Pods-BSH-checkManifestLockResult.txt",
			);
			runOnlyForDeploymentPostprocessing = 0;
			shellPath = /bin/sh;
			shellScript = "diff \"${PODS_PODFILE_DIR_PATH}/Podfile.lock\" \"${PODS_ROOT}/Manifest.lock\" > /dev/null\nif [ $? != 0 ] ; then\n    # print error to STDERR\n    echo \"error: The sandbox is not in sync with the Podfile.lock. Run 'pod install' or update your CocoaPods installation.\" >&2\n    exit 1\nfi\n# This output is used by Xcode 'outputs' to avoid re-running this script phase.\necho \"SUCCESS\" > \"${SCRIPT_OUTPUT_FILE_0}\"\n";
			showEnvVarsInLog = 0;
		};
		F5712BAA2B4EDD779ABDD122 /* [CP] Embed Pods Frameworks */ = {
			isa = PBXShellScriptBuildPhase;
			buildActionMask = 2147483647;
			files = (
			);
			inputFileListPaths = (
			);
			inputPaths = (
				"${PODS_ROOT}/Target Support Files/Pods-BSH/Pods-BSH-frameworks.sh",
				"${BUILT_PRODUCTS_DIR}/Alamofire/Alamofire.framework",
				"${BUILT_PRODUCTS_DIR}/CUU/CUU.framework",
				"${BUILT_PRODUCTS_DIR}/KeychainSwift/KeychainSwift.framework",
				"${BUILT_PRODUCTS_DIR}/Prototype/Prototype.framework",
				"${BUILT_PRODUCTS_DIR}/Prototyper/Prototyper.framework",
				"${BUILT_PRODUCTS_DIR}/SwaggerClient/SwaggerClient.framework",
			);
			name = "[CP] Embed Pods Frameworks";
			outputFileListPaths = (
			);
			outputPaths = (
				"${TARGET_BUILD_DIR}/${FRAMEWORKS_FOLDER_PATH}/Alamofire.framework",
				"${TARGET_BUILD_DIR}/${FRAMEWORKS_FOLDER_PATH}/CUU.framework",
				"${TARGET_BUILD_DIR}/${FRAMEWORKS_FOLDER_PATH}/KeychainSwift.framework",
				"${TARGET_BUILD_DIR}/${FRAMEWORKS_FOLDER_PATH}/Prototype.framework",
				"${TARGET_BUILD_DIR}/${FRAMEWORKS_FOLDER_PATH}/Prototyper.framework",
				"${TARGET_BUILD_DIR}/${FRAMEWORKS_FOLDER_PATH}/SwaggerClient.framework",
			);
			runOnlyForDeploymentPostprocessing = 0;
			shellPath = /bin/sh;
			shellScript = "\"${PODS_ROOT}/Target Support Files/Pods-BSH/Pods-BSH-frameworks.sh\"\n";
			showEnvVarsInLog = 0;
		};
/* End PBXShellScriptBuildPhase section */

/* Begin PBXSourcesBuildPhase section */
		3C709CBC2282236400823586 /* Sources */ = {
			isa = PBXSourcesBuildPhase;
			buildActionMask = 2147483647;
			files = (
				50AB753F22A4026C00BEB84B /* AnnotateImageViewController.swift in Sources */,
				50C5CA0722A0129500A72DB8 /* UploadImageViewController.swift in Sources */,
				C5F1FA21229EC4A4000F3FAC /* CampaignInfoViewController.swift in Sources */,
				C58045F3229ED5CB00AE4775 /* CaptureImageViewController.swift in Sources */,
				50BEC79222A69952000107DF /* CampaignTableViewController.swift in Sources */,
				C5F1FA26229ED0DD000F3FAC /* LeaderboardViewController.swift in Sources */,
				3C709CC62282236400823586 /* ViewController.swift in Sources */,
				50AB754622A40FEF00BEB84B /* Point.swift in Sources */,
				50AB754422A40FC300BEB84B /* RectangularAnnotation.swift in Sources */,
				50AB754222A40EF000BEB84B /* Annotation.swift in Sources */,
				3C709CC42282236400823586 /* AppDelegate.swift in Sources */,
			);
			runOnlyForDeploymentPostprocessing = 0;
		};
/* End PBXSourcesBuildPhase section */

/* Begin PBXVariantGroup section */
		3C709CC72282236400823586 /* Main.storyboard */ = {
			isa = PBXVariantGroup;
			children = (
				3C709CC82282236400823586 /* Base */,
			);
			name = Main.storyboard;
			sourceTree = "<group>";
		};
		3C709CCC2282236700823586 /* LaunchScreen.storyboard */ = {
			isa = PBXVariantGroup;
			children = (
				3C709CCD2282236700823586 /* Base */,
			);
			name = LaunchScreen.storyboard;
			sourceTree = "<group>";
		};
/* End PBXVariantGroup section */

/* Begin XCBuildConfiguration section */
		3C709CD02282236700823586 /* Debug */ = {
			isa = XCBuildConfiguration;
			buildSettings = {
				ALWAYS_SEARCH_USER_PATHS = NO;
				CLANG_ANALYZER_NONNULL = YES;
				CLANG_ANALYZER_NUMBER_OBJECT_CONVERSION = YES_AGGRESSIVE;
				CLANG_CXX_LANGUAGE_STANDARD = "gnu++14";
				CLANG_CXX_LIBRARY = "libc++";
				CLANG_ENABLE_MODULES = YES;
				CLANG_ENABLE_OBJC_ARC = YES;
				CLANG_ENABLE_OBJC_WEAK = YES;
				CLANG_WARN_BLOCK_CAPTURE_AUTORELEASING = YES;
				CLANG_WARN_BOOL_CONVERSION = YES;
				CLANG_WARN_COMMA = YES;
				CLANG_WARN_CONSTANT_CONVERSION = YES;
				CLANG_WARN_DEPRECATED_OBJC_IMPLEMENTATIONS = YES;
				CLANG_WARN_DIRECT_OBJC_ISA_USAGE = YES_ERROR;
				CLANG_WARN_DOCUMENTATION_COMMENTS = YES;
				CLANG_WARN_EMPTY_BODY = YES;
				CLANG_WARN_ENUM_CONVERSION = YES;
				CLANG_WARN_INFINITE_RECURSION = YES;
				CLANG_WARN_INT_CONVERSION = YES;
				CLANG_WARN_NON_LITERAL_NULL_CONVERSION = YES;
				CLANG_WARN_OBJC_IMPLICIT_RETAIN_SELF = YES;
				CLANG_WARN_OBJC_LITERAL_CONVERSION = YES;
				CLANG_WARN_OBJC_ROOT_CLASS = YES_ERROR;
				CLANG_WARN_RANGE_LOOP_ANALYSIS = YES;
				CLANG_WARN_STRICT_PROTOTYPES = YES;
				CLANG_WARN_SUSPICIOUS_MOVE = YES;
				CLANG_WARN_UNGUARDED_AVAILABILITY = YES_AGGRESSIVE;
				CLANG_WARN_UNREACHABLE_CODE = YES;
				CLANG_WARN__DUPLICATE_METHOD_MATCH = YES;
				CODE_SIGN_IDENTITY = "iPhone Developer";
				COPY_PHASE_STRIP = NO;
				DEBUG_INFORMATION_FORMAT = dwarf;
				ENABLE_STRICT_OBJC_MSGSEND = YES;
				ENABLE_TESTABILITY = YES;
				GCC_C_LANGUAGE_STANDARD = gnu11;
				GCC_DYNAMIC_NO_PIC = NO;
				GCC_NO_COMMON_BLOCKS = YES;
				GCC_OPTIMIZATION_LEVEL = 0;
				GCC_PREPROCESSOR_DEFINITIONS = (
					"DEBUG=1",
					"$(inherited)",
				);
				GCC_WARN_64_TO_32_BIT_CONVERSION = YES;
				GCC_WARN_ABOUT_RETURN_TYPE = YES_ERROR;
				GCC_WARN_UNDECLARED_SELECTOR = YES;
				GCC_WARN_UNINITIALIZED_AUTOS = YES_AGGRESSIVE;
				GCC_WARN_UNUSED_FUNCTION = YES;
				GCC_WARN_UNUSED_VARIABLE = YES;
				IPHONEOS_DEPLOYMENT_TARGET = 12.2;
				MTL_ENABLE_DEBUG_INFO = INCLUDE_SOURCE;
				MTL_FAST_MATH = YES;
				ONLY_ACTIVE_ARCH = YES;
				SDKROOT = iphoneos;
				SWIFT_ACTIVE_COMPILATION_CONDITIONS = DEBUG;
				SWIFT_OPTIMIZATION_LEVEL = "-Onone";
			};
			name = Debug;
		};
		3C709CD12282236700823586 /* Release */ = {
			isa = XCBuildConfiguration;
			buildSettings = {
				ALWAYS_SEARCH_USER_PATHS = NO;
				CLANG_ANALYZER_NONNULL = YES;
				CLANG_ANALYZER_NUMBER_OBJECT_CONVERSION = YES_AGGRESSIVE;
				CLANG_CXX_LANGUAGE_STANDARD = "gnu++14";
				CLANG_CXX_LIBRARY = "libc++";
				CLANG_ENABLE_MODULES = YES;
				CLANG_ENABLE_OBJC_ARC = YES;
				CLANG_ENABLE_OBJC_WEAK = YES;
				CLANG_WARN_BLOCK_CAPTURE_AUTORELEASING = YES;
				CLANG_WARN_BOOL_CONVERSION = YES;
				CLANG_WARN_COMMA = YES;
				CLANG_WARN_CONSTANT_CONVERSION = YES;
				CLANG_WARN_DEPRECATED_OBJC_IMPLEMENTATIONS = YES;
				CLANG_WARN_DIRECT_OBJC_ISA_USAGE = YES_ERROR;
				CLANG_WARN_DOCUMENTATION_COMMENTS = YES;
				CLANG_WARN_EMPTY_BODY = YES;
				CLANG_WARN_ENUM_CONVERSION = YES;
				CLANG_WARN_INFINITE_RECURSION = YES;
				CLANG_WARN_INT_CONVERSION = YES;
				CLANG_WARN_NON_LITERAL_NULL_CONVERSION = YES;
				CLANG_WARN_OBJC_IMPLICIT_RETAIN_SELF = YES;
				CLANG_WARN_OBJC_LITERAL_CONVERSION = YES;
				CLANG_WARN_OBJC_ROOT_CLASS = YES_ERROR;
				CLANG_WARN_RANGE_LOOP_ANALYSIS = YES;
				CLANG_WARN_STRICT_PROTOTYPES = YES;
				CLANG_WARN_SUSPICIOUS_MOVE = YES;
				CLANG_WARN_UNGUARDED_AVAILABILITY = YES_AGGRESSIVE;
				CLANG_WARN_UNREACHABLE_CODE = YES;
				CLANG_WARN__DUPLICATE_METHOD_MATCH = YES;
				CODE_SIGN_IDENTITY = "iPhone Developer";
				COPY_PHASE_STRIP = NO;
				DEBUG_INFORMATION_FORMAT = "dwarf-with-dsym";
				ENABLE_NS_ASSERTIONS = NO;
				ENABLE_STRICT_OBJC_MSGSEND = YES;
				GCC_C_LANGUAGE_STANDARD = gnu11;
				GCC_NO_COMMON_BLOCKS = YES;
				GCC_WARN_64_TO_32_BIT_CONVERSION = YES;
				GCC_WARN_ABOUT_RETURN_TYPE = YES_ERROR;
				GCC_WARN_UNDECLARED_SELECTOR = YES;
				GCC_WARN_UNINITIALIZED_AUTOS = YES_AGGRESSIVE;
				GCC_WARN_UNUSED_FUNCTION = YES;
				GCC_WARN_UNUSED_VARIABLE = YES;
				IPHONEOS_DEPLOYMENT_TARGET = 12.2;
				MTL_ENABLE_DEBUG_INFO = NO;
				MTL_FAST_MATH = YES;
				SDKROOT = iphoneos;
				SWIFT_COMPILATION_MODE = wholemodule;
				SWIFT_OPTIMIZATION_LEVEL = "-O";
				VALIDATE_PRODUCT = YES;
			};
			name = Release;
		};
		3C709CD32282236700823586 /* Debug */ = {
			isa = XCBuildConfiguration;
			baseConfigurationReference = BA684E17AD61E905706390F9 /* Pods-BSH.debug.xcconfig */;
			buildSettings = {
				ASSETCATALOG_COMPILER_APPICON_NAME = AppIcon;
				CODE_SIGN_STYLE = Manual;
				DEVELOPMENT_TEAM = WCM2L8RG39;
				INFOPLIST_FILE = BSH/Info.plist;
				LD_RUNPATH_SEARCH_PATHS = (
					"$(inherited)",
					"@executable_path/Frameworks",
				);
				PRODUCT_BUNDLE_IDENTIFIER = de.tum.in.www1.ios19.bsh;
				PRODUCT_NAME = "$(TARGET_NAME)";
				PROVISIONING_PROFILE_SPECIFIER = $SIGH_NAME;
				SWIFT_VERSION = 5.0;
				TARGETED_DEVICE_FAMILY = "1,2";
			};
			name = Debug;
		};
		3C709CD42282236700823586 /* Release */ = {
			isa = XCBuildConfiguration;
			baseConfigurationReference = B0527FCBA03923D0444BE452 /* Pods-BSH.release.xcconfig */;
			buildSettings = {
				ASSETCATALOG_COMPILER_APPICON_NAME = AppIcon;
				CODE_SIGN_STYLE = Manual;
				DEVELOPMENT_TEAM = WCM2L8RG39;
				INFOPLIST_FILE = BSH/Info.plist;
				LD_RUNPATH_SEARCH_PATHS = (
					"$(inherited)",
					"@executable_path/Frameworks",
				);
				PRODUCT_BUNDLE_IDENTIFIER = de.tum.in.www1.ios19.bsh;
				PRODUCT_NAME = "$(TARGET_NAME)";
				PROVISIONING_PROFILE_SPECIFIER = $SIGH_NAME;
				SWIFT_VERSION = 5.0;
				TARGETED_DEVICE_FAMILY = "1,2";
			};
			name = Release;
		};
/* End XCBuildConfiguration section */

/* Begin XCConfigurationList section */
		3C709CBB2282236400823586 /* Build configuration list for PBXProject "BSH" */ = {
			isa = XCConfigurationList;
			buildConfigurations = (
				3C709CD02282236700823586 /* Debug */,
				3C709CD12282236700823586 /* Release */,
			);
			defaultConfigurationIsVisible = 0;
			defaultConfigurationName = Release;
		};
		3C709CD22282236700823586 /* Build configuration list for PBXNativeTarget "BSH" */ = {
			isa = XCConfigurationList;
			buildConfigurations = (
				3C709CD32282236700823586 /* Debug */,
				3C709CD42282236700823586 /* Release */,
			);
			defaultConfigurationIsVisible = 0;
			defaultConfigurationName = Release;
		};
/* End XCConfigurationList section */
	};
	rootObject = 3C709CB82282236400823586 /* Project object */;
}
